PODS:
  - Kingfisher (4.9.0)
  - RxCocoa (4.2.0):
    - RxSwift (~> 4.0)
  - RxSwift (4.2.0)

DEPENDENCIES:
  - Kingfisher
  - RxCocoa (~> 4.0)
  - RxSwift (~> 4.0)

SPEC REPOS:
  https://github.com/CocoaPods/Specs.git:
    - Kingfisher
    - RxCocoa
    - RxSwift

SPEC CHECKSUMS:
  Kingfisher: 64539b51826b778206daa6ed815d12653caa69dd
  RxCocoa: 0b54909c902e1e581212a03e690bbd94032d8baa
  RxSwift: 99e10317ddfcc7fbe01356aafd118fde4a0be104

PODFILE CHECKSUM: e87b338c5e59c4221fde5b92b74374119eaf539b

COCOAPODS: 1.5.0
